
Microsoft Visual Studio Solution File, Format Version 12.00
# Visual Studio Version 17
VisualStudioVersion = 17.8.34511.84
MinimumVisualStudioVersion = 10.0.40219.1
Project("{9A19103F-16F7-4668-BE54-9A1E7A4F7556}") = "BookingApp", "BookingApp.csproj", "{4B24E638-86FB-458E-8E9E-784F260B88F2}"
EndProject
Global
	GlobalSection(SolutionConfigurationPlatforms) = preSolution
		Debug|Any CPU = Debug|Any CPU
		Release|Any CPU = Release|Any CPU
	EndGlobalSection
	GlobalSection(ProjectConfigurationPlatforms) = postSolution
		{4B24E638-86FB-458E-8E9E-784F260B88F2}.Debug|Any CPU.ActiveCfg = Debug|Any CPU
		{4B24E638-86FB-458E-8E9E-784F260B88F2}.Debug|Any CPU.Build.0 = Debug|Any CPU
		{4B24E638-86FB-458E-8E9E-784F260B88F2}.Release|Any CPU.ActiveCfg = Release|Any CPU
		{4B24E638-86FB-458E-8E9E-784F260B88F2}.Release|Any CPU.Build.0 = Release|Any CPU
	EndGlobalSection
	GlobalSection(SolutionProperties) = preSolution
		HideSolutionNode = FALSE
	EndGlobalSection
	GlobalSection(ExtensibilityGlobals) = postSolution
		SolutionGuid = {BB12B047-2C97-46E4-BDC9-C685AEF0A289}
	EndGlobalSection
EndGlobal
